
Microsoft Visual Studio Solution File, Format Version 12.00
# Visual Studio Version 16
VisualStudioVersion = 16.0.30804.86
MinimumVisualStudioVersion = 10.0.40219.1
Project("{FAE04EC0-301F-11D3-BF4B-00C04F79EFBC}") = "8Ball", "8Ball\8Ball.csproj", "{61E676A4-F547-481E-AE77-269B2FDACD52}"
EndProject
Global
	GlobalSection(SolutionConfigurationPlatforms) = preSolution
		Debug|Any CPU = Debug|Any CPU
		Release|Any CPU = Release|Any CPU
	EndGlobalSection
	GlobalSection(ProjectConfigurationPlatforms) = postSolution
		{61E676A4-F547-481E-AE77-269B2FDACD52}.Debug|Any CPU.ActiveCfg = Debug|Any CPU
		{61E676A4-F547-481E-AE77-269B2FDACD52}.Debug|Any CPU.Build.0 = Debug|Any CPU
		{61E676A4-F547-481E-AE77-269B2FDACD52}.Release|Any CPU.ActiveCfg = Release|Any CPU
		{61E676A4-F547-481E-AE77-269B2FDACD52}.Release|Any CPU.Build.0 = Release|Any CPU
	EndGlobalSection
	GlobalSection(SolutionProperties) = preSolution
		HideSolutionNode = FALSE
	EndGlobalSection
	GlobalSection(ExtensibilityGlobals) = postSolution
		SolutionGuid = {768D7EA5-434C-4894-A06B-B2712E8A4B6B}
	EndGlobalSection
EndGlobal
